
Microsoft Visual Studio Solution File, Format Version 12.00
# Visual Studio 15
VisualStudioVersion = 15.0.27703.2047
MinimumVisualStudioVersion = 10.0.40219.1
Project("{9A19103F-16F7-4668-BE54-9A1E7A4F7556}") = "Routy", "Routy\Routy.csproj", "{92DF8867-8B9C-4D18-A445-0B4AAC25924C}"
EndProject
Project("{9A19103F-16F7-4668-BE54-9A1E7A4F7556}") = "Service", "Service\Service.csproj", "{C4FBB2D5-AB6D-4877-ACAE-280F891EC796}"
EndProject
Project("{9A19103F-16F7-4668-BE54-9A1E7A4F7556}") = "Tests", "Tests\Tests.csproj", "{C694BC8A-6B09-42A5-9149-95029A4CC568}"
EndProject
Global
	GlobalSection(SolutionConfigurationPlatforms) = preSolution
		Debug|Any CPU = Debug|Any CPU
		Release|Any CPU = Release|Any CPU
	EndGlobalSection
	GlobalSection(ProjectConfigurationPlatforms) = postSolution
		{92DF8867-8B9C-4D18-A445-0B4AAC25924C}.Debug|Any CPU.ActiveCfg = Debug|Any CPU
		{92DF8867-8B9C-4D18-A445-0B4AAC25924C}.Debug|Any CPU.Build.0 = Debug|Any CPU
		{92DF8867-8B9C-4D18-A445-0B4AAC25924C}.Release|Any CPU.ActiveCfg = Release|Any CPU
		{92DF8867-8B9C-4D18-A445-0B4AAC25924C}.Release|Any CPU.Build.0 = Release|Any CPU
		{C4FBB2D5-AB6D-4877-ACAE-280F891EC796}.Debug|Any CPU.ActiveCfg = Debug|Any CPU
		{C4FBB2D5-AB6D-4877-ACAE-280F891EC796}.Debug|Any CPU.Build.0 = Debug|Any CPU
		{C4FBB2D5-AB6D-4877-ACAE-280F891EC796}.Release|Any CPU.ActiveCfg = Release|Any CPU
		{C4FBB2D5-AB6D-4877-ACAE-280F891EC796}.Release|Any CPU.Build.0 = Release|Any CPU
		{C694BC8A-6B09-42A5-9149-95029A4CC568}.Debug|Any CPU.ActiveCfg = Debug|Any CPU
		{C694BC8A-6B09-42A5-9149-95029A4CC568}.Debug|Any CPU.Build.0 = Debug|Any CPU
		{C694BC8A-6B09-42A5-9149-95029A4CC568}.Release|Any CPU.ActiveCfg = Release|Any CPU
		{C694BC8A-6B09-42A5-9149-95029A4CC568}.Release|Any CPU.Build.0 = Release|Any CPU
	EndGlobalSection
	GlobalSection(SolutionProperties) = preSolution
		HideSolutionNode = FALSE
	EndGlobalSection
	GlobalSection(ExtensibilityGlobals) = postSolution
		SolutionGuid = {E411AB2D-E777-4DE0-A48D-141C17DF7CA5}
	EndGlobalSection
EndGlobal
